schema: '2.0'
stages:
  split_tones:
    cmd: bin/split_tones.py data/raw_voices/*
    deps:
    - path: bin/split_tones.py
      md5: 9b49ffb3e5fccd10ea5339601bd88c37
      size: 1977
    - path: data/raw_voices/
      md5: e7e721aa8b2b155417646006bc936c17.dir
      size: 998298692
      nfiles: 20
    outs:
    - path: data/raw_tones/
      md5: 3fefa119e3e09682069abc72c8fdc266.dir
      size: 630499108
      nfiles: 1234
  voice_stats:
    cmd: bin/voice_stats.py data/raw_tones/*
    deps:
    - path: bin/voice_stats.py
      md5: 8190699bd6cbb2c686c2e44129138f42
      size: 1751
    - path: data/raw_tones/
      md5: 3fefa119e3e09682069abc72c8fdc266.dir
      size: 630499108
      nfiles: 1234
    outs:
    - path: data/voice_stats/
      md5: 1469397b4edb7e274532b30ece410bab.dir
      size: 403020
      nfiles: 40
